
Microsoft Visual Studio Solution File, Format Version 12.00
# Visual Studio Version 16
VisualStudioVersion = 16.0.29001.49
MinimumVisualStudioVersion = 10.0.40219.1
Project("{9A19103F-16F7-4668-BE54-9A1E7A4F7556}") = "AWSLambda1", "AWSLambda1\AWSLambda1.csproj", "{EAD67702-A0E9-4627-AD8A-4C3DB84C0865}"
EndProject
Project("{9A19103F-16F7-4668-BE54-9A1E7A4F7556}") = "AWSLambda1.Tests", "AWSLambda1.Tests\AWSLambda1.Tests.csproj", "{2CB5DE79-C71D-495D-AAE6-CC85F659B1A2}"
EndProject
Project("{2150E333-8FDC-42A3-9474-1A3956D46DE8}") = "AWSLambda", "AWSLambda", "{5FB5D9C0-7D9D-4DE0-B938-6D9F74B7D610}"
EndProject
Project("{2150E333-8FDC-42A3-9474-1A3956D46DE8}") = "DotnetMQTT", "DotnetMQTT", "{4CA3D433-AA0B-4330-A713-9053CD9BAAAC}"
	ProjectSection(SolutionItems) = preProject
		ReadMe.txt = ReadMe.txt
	EndProjectSection
EndProject
Project("{FAE04EC0-301F-11D3-BF4B-00C04F79EFBC}") = "Iotconsumer", "Iotconsumer\Iotconsumer\Iotconsumer.csproj", "{C31E88B7-82F7-4981-8476-C867565707BA}"
EndProject
Project("{FAE04EC0-301F-11D3-BF4B-00C04F79EFBC}") = "Iotpublisher", "Iotpublisher\Iotpublisher\Iotpublisher.csproj", "{5D9EB671-8AE2-461A-8AD8-9625E5000F0D}"
EndProject
Project("{FAE04EC0-301F-11D3-BF4B-00C04F79EFBC}") = "AWSConfigLibrary", "AWSConfigLibrary\AWSConfigLibrary.csproj", "{A72A6946-8645-48C6-B30E-87AE79553E0E}"
EndProject
Project("{FAE04EC0-301F-11D3-BF4B-00C04F79EFBC}") = "PfxCreator", "PfxCreator\PfxCreator.csproj", "{EEBB1704-81BE-4A01-AD93-B3EFB0BBA141}"
EndProject
Project("{FAE04EC0-301F-11D3-BF4B-00C04F79EFBC}") = "VltConnectService", "VltConnectService\VltConnectService.csproj", "{375ABA8A-28CB-4674-9205-62F168653F29}"
EndProject
Project("{FAE04EC0-301F-11D3-BF4B-00C04F79EFBC}") = "AWSLambdaClient", "LambdaClient\AWSLambdaClient.csproj", "{4D9D1C06-0F72-4D9D-88D2-DADFB089D1AB}"
EndProject
Global
	GlobalSection(SolutionConfigurationPlatforms) = preSolution
		Debug|Any CPU = Debug|Any CPU
		Release|Any CPU = Release|Any CPU
	EndGlobalSection
	GlobalSection(ProjectConfigurationPlatforms) = postSolution
		{EAD67702-A0E9-4627-AD8A-4C3DB84C0865}.Debug|Any CPU.ActiveCfg = Debug|Any CPU
		{EAD67702-A0E9-4627-AD8A-4C3DB84C0865}.Debug|Any CPU.Build.0 = Debug|Any CPU
		{EAD67702-A0E9-4627-AD8A-4C3DB84C0865}.Release|Any CPU.ActiveCfg = Release|Any CPU
		{EAD67702-A0E9-4627-AD8A-4C3DB84C0865}.Release|Any CPU.Build.0 = Release|Any CPU
		{2CB5DE79-C71D-495D-AAE6-CC85F659B1A2}.Debug|Any CPU.ActiveCfg = Debug|Any CPU
		{2CB5DE79-C71D-495D-AAE6-CC85F659B1A2}.Debug|Any CPU.Build.0 = Debug|Any CPU
		{2CB5DE79-C71D-495D-AAE6-CC85F659B1A2}.Release|Any CPU.ActiveCfg = Release|Any CPU
		{2CB5DE79-C71D-495D-AAE6-CC85F659B1A2}.Release|Any CPU.Build.0 = Release|Any CPU
		{C31E88B7-82F7-4981-8476-C867565707BA}.Debug|Any CPU.ActiveCfg = Debug|Any CPU
		{C31E88B7-82F7-4981-8476-C867565707BA}.Debug|Any CPU.Build.0 = Debug|Any CPU
		{C31E88B7-82F7-4981-8476-C867565707BA}.Release|Any CPU.ActiveCfg = Release|Any CPU
		{C31E88B7-82F7-4981-8476-C867565707BA}.Release|Any CPU.Build.0 = Release|Any CPU
		{5D9EB671-8AE2-461A-8AD8-9625E5000F0D}.Debug|Any CPU.ActiveCfg = Debug|Any CPU
		{5D9EB671-8AE2-461A-8AD8-9625E5000F0D}.Debug|Any CPU.Build.0 = Debug|Any CPU
		{5D9EB671-8AE2-461A-8AD8-9625E5000F0D}.Release|Any CPU.ActiveCfg = Release|Any CPU
		{5D9EB671-8AE2-461A-8AD8-9625E5000F0D}.Release|Any CPU.Build.0 = Release|Any CPU
		{A72A6946-8645-48C6-B30E-87AE79553E0E}.Debug|Any CPU.ActiveCfg = Debug|Any CPU
		{A72A6946-8645-48C6-B30E-87AE79553E0E}.Debug|Any CPU.Build.0 = Debug|Any CPU
		{A72A6946-8645-48C6-B30E-87AE79553E0E}.Release|Any CPU.ActiveCfg = Release|Any CPU
		{A72A6946-8645-48C6-B30E-87AE79553E0E}.Release|Any CPU.Build.0 = Release|Any CPU
		{EEBB1704-81BE-4A01-AD93-B3EFB0BBA141}.Debug|Any CPU.ActiveCfg = Debug|Any CPU
		{EEBB1704-81BE-4A01-AD93-B3EFB0BBA141}.Debug|Any CPU.Build.0 = Debug|Any CPU
		{EEBB1704-81BE-4A01-AD93-B3EFB0BBA141}.Release|Any CPU.ActiveCfg = Release|Any CPU
		{EEBB1704-81BE-4A01-AD93-B3EFB0BBA141}.Release|Any CPU.Build.0 = Release|Any CPU
		{375ABA8A-28CB-4674-9205-62F168653F29}.Debug|Any CPU.ActiveCfg = Debug|Any CPU
		{375ABA8A-28CB-4674-9205-62F168653F29}.Debug|Any CPU.Build.0 = Debug|Any CPU
		{375ABA8A-28CB-4674-9205-62F168653F29}.Release|Any CPU.ActiveCfg = Release|Any CPU
		{375ABA8A-28CB-4674-9205-62F168653F29}.Release|Any CPU.Build.0 = Release|Any CPU
		{4D9D1C06-0F72-4D9D-88D2-DADFB089D1AB}.Debug|Any CPU.ActiveCfg = Debug|Any CPU
		{4D9D1C06-0F72-4D9D-88D2-DADFB089D1AB}.Debug|Any CPU.Build.0 = Debug|Any CPU
		{4D9D1C06-0F72-4D9D-88D2-DADFB089D1AB}.Release|Any CPU.ActiveCfg = Release|Any CPU
		{4D9D1C06-0F72-4D9D-88D2-DADFB089D1AB}.Release|Any CPU.Build.0 = Release|Any CPU
	EndGlobalSection
	GlobalSection(SolutionProperties) = preSolution
		HideSolutionNode = FALSE
	EndGlobalSection
	GlobalSection(NestedProjects) = preSolution
		{EAD67702-A0E9-4627-AD8A-4C3DB84C0865} = {5FB5D9C0-7D9D-4DE0-B938-6D9F74B7D610}
		{2CB5DE79-C71D-495D-AAE6-CC85F659B1A2} = {5FB5D9C0-7D9D-4DE0-B938-6D9F74B7D610}
		{C31E88B7-82F7-4981-8476-C867565707BA} = {4CA3D433-AA0B-4330-A713-9053CD9BAAAC}
		{5D9EB671-8AE2-461A-8AD8-9625E5000F0D} = {4CA3D433-AA0B-4330-A713-9053CD9BAAAC}
		{A72A6946-8645-48C6-B30E-87AE79553E0E} = {4CA3D433-AA0B-4330-A713-9053CD9BAAAC}
		{EEBB1704-81BE-4A01-AD93-B3EFB0BBA141} = {4CA3D433-AA0B-4330-A713-9053CD9BAAAC}
		{4D9D1C06-0F72-4D9D-88D2-DADFB089D1AB} = {5FB5D9C0-7D9D-4DE0-B938-6D9F74B7D610}
	EndGlobalSection
	GlobalSection(ExtensibilityGlobals) = postSolution
		SolutionGuid = {5084C212-09BE-4D46-A96F-C0AEEED19115}
	EndGlobalSection
EndGlobal
